
Microsoft Visual Studio Solution File, Format Version 12.00
# Visual Studio Version 16
VisualStudioVersion = 16.0.31129.286
MinimumVisualStudioVersion = 10.0.40219.1
Project("{FAE04EC0-301F-11D3-BF4B-00C04F79EFBC}") = "testgi", "testgi\testgi.csproj", "{D936C603-E21B-4949-A54A-F4BB95F36A47}"
EndProject
Global
	GlobalSection(SolutionConfigurationPlatforms) = preSolution
		Debug|Any CPU = Debug|Any CPU
		Release|Any CPU = Release|Any CPU
	EndGlobalSection
	GlobalSection(ProjectConfigurationPlatforms) = postSolution
		{D936C603-E21B-4949-A54A-F4BB95F36A47}.Debug|Any CPU.ActiveCfg = Debug|Any CPU
		{D936C603-E21B-4949-A54A-F4BB95F36A47}.Debug|Any CPU.Build.0 = Debug|Any CPU
		{D936C603-E21B-4949-A54A-F4BB95F36A47}.Release|Any CPU.ActiveCfg = Release|Any CPU
		{D936C603-E21B-4949-A54A-F4BB95F36A47}.Release|Any CPU.Build.0 = Release|Any CPU
	EndGlobalSection
	GlobalSection(SolutionProperties) = preSolution
		HideSolutionNode = FALSE
	EndGlobalSection
	GlobalSection(ExtensibilityGlobals) = postSolution
		SolutionGuid = {1A171E91-440B-48C7-8F01-7C758F0BAA52}
	EndGlobalSection
EndGlobal
